
Microsoft Visual Studio Solution File, Format Version 12.00
# Visual Studio Version 16
VisualStudioVersion = 16.0.32413.511
MinimumVisualStudioVersion = 10.0.40219.1
Project("{9A19103F-16F7-4668-BE54-9A1E7A4F7556}") = "DongHo", "DongHo\DongHo.csproj", "{D7B2F7AC-B324-49E4-A4F0-6EBF2B78E548}"
EndProject
Global
	GlobalSection(SolutionConfigurationPlatforms) = preSolution
		Debug|Any CPU = Debug|Any CPU
		Release|Any CPU = Release|Any CPU
	EndGlobalSection
	GlobalSection(ProjectConfigurationPlatforms) = postSolution
		{D7B2F7AC-B324-49E4-A4F0-6EBF2B78E548}.Debug|Any CPU.ActiveCfg = Debug|Any CPU
		{D7B2F7AC-B324-49E4-A4F0-6EBF2B78E548}.Debug|Any CPU.Build.0 = Debug|Any CPU
		{D7B2F7AC-B324-49E4-A4F0-6EBF2B78E548}.Release|Any CPU.ActiveCfg = Release|Any CPU
		{D7B2F7AC-B324-49E4-A4F0-6EBF2B78E548}.Release|Any CPU.Build.0 = Release|Any CPU
	EndGlobalSection
	GlobalSection(SolutionProperties) = preSolution
		HideSolutionNode = FALSE
	EndGlobalSection
	GlobalSection(ExtensibilityGlobals) = postSolution
		SolutionGuid = {C6A72F18-1231-4C3B-A4A5-3B9C99BD3585}
	EndGlobalSection
EndGlobal
